
Microsoft Visual Studio Solution File, Format Version 12.00
# Visual Studio Version 17
VisualStudioVersion = 17.0.32112.339
MinimumVisualStudioVersion = 10.0.40219.1
Project("{9A19103F-16F7-4668-BE54-9A1E7A4F7556}") = "specflow_automation", "specflow_automation.csproj", "{CFDD9AAD-4C79-4F03-9410-424FA1F085E8}"
EndProject
Project("{9A19103F-16F7-4668-BE54-9A1E7A4F7556}") = "SpecflowAPIAutomation", "..\Users\Anupam.Shandilya\Downloads\bdd_framework_mindbody-master\SpecflowAPIAutomation\SpecflowAPIAutomation.csproj", "{BB65B403-BF72-4AE5-B09D-30D8ABF4C9EF}"
EndProject
Global
	GlobalSection(SolutionConfigurationPlatforms) = preSolution
		Debug|Any CPU = Debug|Any CPU
		Release|Any CPU = Release|Any CPU
	EndGlobalSection
	GlobalSection(ProjectConfigurationPlatforms) = postSolution
		{CFDD9AAD-4C79-4F03-9410-424FA1F085E8}.Debug|Any CPU.ActiveCfg = Debug|Any CPU
		{CFDD9AAD-4C79-4F03-9410-424FA1F085E8}.Debug|Any CPU.Build.0 = Debug|Any CPU
		{CFDD9AAD-4C79-4F03-9410-424FA1F085E8}.Release|Any CPU.ActiveCfg = Release|Any CPU
		{CFDD9AAD-4C79-4F03-9410-424FA1F085E8}.Release|Any CPU.Build.0 = Release|Any CPU
		{BB65B403-BF72-4AE5-B09D-30D8ABF4C9EF}.Debug|Any CPU.ActiveCfg = Debug|Any CPU
		{BB65B403-BF72-4AE5-B09D-30D8ABF4C9EF}.Debug|Any CPU.Build.0 = Debug|Any CPU
		{BB65B403-BF72-4AE5-B09D-30D8ABF4C9EF}.Release|Any CPU.ActiveCfg = Release|Any CPU
		{BB65B403-BF72-4AE5-B09D-30D8ABF4C9EF}.Release|Any CPU.Build.0 = Release|Any CPU
	EndGlobalSection
	GlobalSection(SolutionProperties) = preSolution
		HideSolutionNode = FALSE
	EndGlobalSection
	GlobalSection(ExtensibilityGlobals) = postSolution
		SolutionGuid = {90D1D0CA-FA6A-4757-B5D9-92C1AB1B8D48}
	EndGlobalSection
EndGlobal
